PODS:
  - Flutter (1.0.0)
  - flutter_opendroneid (0.0.1):
    - Flutter
  - "permission_handler (5.1.0+2)":
    - Flutter

DEPENDENCIES:
  - Flutter (from `Flutter`)
  - flutter_opendroneid (from `.symlinks/plugins/flutter_opendroneid/ios`)
  - permission_handler (from `.symlinks/plugins/permission_handler/ios`)

EXTERNAL SOURCES:
  Flutter:
    :path: Flutter
  flutter_opendroneid:
    :path: ".symlinks/plugins/flutter_opendroneid/ios"
  permission_handler:
    :path: ".symlinks/plugins/permission_handler/ios"

SPEC CHECKSUMS:
  Flutter: 50d75fe2f02b26cc09d224853bb45737f8b3214a
  flutter_opendroneid: c4bc1914a977a5c9661969c5c6526b44e7e4faee
  permission_handler: ccb20a9fad0ee9b1314a52b70b76b473c5f8dab0

PODFILE CHECKSUM: 14e84cbca55520f38121de77f5335f471bc8c3e1

COCOAPODS: 1.11.2
